// !$*UTF8*$!
{
	archiveVersion = 1;
	classes = {
	};
	objectVersion = 46;
	objects = {

/* Begin PBXBuildFile section */
		B50E822A1C69DF48004A2856 /* AppDelegate.swift in Sources */ = {isa = PBXBuildFile; fileRef = B50E82291C69DF48004A2856 /* AppDelegate.swift */; };
		B50E822C1C69DF48004A2856 /* ViewController.swift in Sources */ = {isa = PBXBuildFile; fileRef = B50E822B1C69DF48004A2856 /* ViewController.swift */; };
		B50E822F1C69DF48004A2856 /* Main.storyboard in Resources */ = {isa = PBXBuildFile; fileRef = B50E822D1C69DF48004A2856 /* Main.storyboard */; };
		B50E82311C69DF48004A2856 /* Assets.xcassets in Resources */ = {isa = PBXBuildFile; fileRef = B50E82301C69DF48004A2856 /* Assets.xcassets */; };
		B50E82341C69DF48004A2856 /* LaunchScreen.storyboard in Resources */ = {isa = PBXBuildFile; fileRef = B50E82321C69DF48004A2856 /* LaunchScreen.storyboard */; };
/* End PBXBuildFile section */

/* Begin PBXFileReference section */
		B50E82261C69DF48004A2856 /* LastParse.app */ = {isa = PBXFileReference; explicitFileType = wrapper.application; includeInIndex = 0; path = LastParse.app; sourceTree = BUILT_PRODUCTS_DIR; };
		B50E82291C69DF48004A2856 /* AppDelegate.swift */ = {isa = PBXFileReference; lastKnownFileType = sourcecode.swift; path = AppDelegate.swift; sourceTree = "<group>"; };
		B50E822B1C69DF48004A2856 /* ViewController.swift */ = {isa = PBXFileReference; lastKnownFileType = sourcecode.swift; path = ViewController.swift; sourceTree = "<group>"; };
		B50E822E1C69DF48004A2856 /* Base */ = {isa = PBXFileReference; lastKnownFileType = file.storyboard; name = Base; path = Base.lproj/Main.storyboard; sourceTree = "<group>"; };
		B50E82301C69DF48004A2856 /* Assets.xcassets */ = {isa = PBXFileReference; lastKnownFileType = folder.assetcatalog; path = Assets.xcassets; sourceTree = "<group>"; };
		B50E82331C69DF48004A2856 /* Base */ = {isa = PBXFileReference; lastKnownFileType = file.storyboard; name = Base; path = Base.lproj/LaunchScreen.storyboard; sourceTree = "<group>"; };
		B50E82351C69DF48004A2856 /* Info.plist */ = {isa = PBXFileReference; lastKnownFileType = text.plist.xml; path = Info.plist; sourceTree = "<group>"; };
/* End PBXFileReference section */

/* Begin PBXFrameworksBuildPhase section */
		B50E82231C69DF48004A2856 /* Frameworks */ = {
			isa = PBXFrameworksBuildPhase;
			buildActionMask = 2147483647;
			files = (
			);
			runOnlyForDeploymentPostprocessing = 0;
		};
/* End PBXFrameworksBuildPhase section */

/* Begin PBXGroup section */
		B50E821D1C69DF48004A2856 = {
			isa = PBXGroup;
			children = (
				B50E82281C69DF48004A2856 /* LastParse */,
				B50E82271C69DF48004A2856 /* Products */,
			);
			sourceTree = "<group>";
		};
		B50E82271C69DF48004A2856 /* Products */ = {
			isa = PBXGroup;
			children = (
				B50E82261C69DF48004A2856 /* LastParse.app */,
			);
			name = Products;
			sourceTree = "<group>";
		};
		B50E82281C69DF48004A2856 /* LastParse */ = {
			isa = PBXGroup;
			children = (
				B50E82291C69DF48004A2856 /* AppDelegate.swift */,
				B50E822B1C69DF48004A2856 /* ViewController.swift */,
				B50E822D1C69DF48004A2856 /* Main.storyboard */,
				B50E82301C69DF48004A2856 /* Assets.xcassets */,
				B50E82321C69DF48004A2856 /* LaunchScreen.storyboard */,
				B50E82351C69DF48004A2856 /* Info.plist */,
			);
			path = LastParse;
			sourceTree = "<group>";
		};
/* End PBXGroup section */

/* Begin PBXNativeTarget section */
		B50E82251C69DF48004A2856 /* LastParse */ = {
			isa = PBXNativeTarget;
			buildConfigurationList = B50E82381C69DF48004A2856 /* Build configuration list for PBXNativeTarget "LastParse" */;
			buildPhases = (
				B50E82221C69DF48004A2856 /* Sources */,
				B50E82231C69DF48004A2856 /* Frameworks */,
				B50E82241C69DF48004A2856 /* Resources */,
			);
			buildRules = (
			);
			dependencies = (
			);
			name = LastParse;
			productName = LastParse;
			productReference = B50E82261C69DF48004A2856 /* LastParse.app */;
			productType = "com.apple.product-type.application";
		};
/* End PBXNativeTarget section */

/* Begin PBXProject section */
		B50E821E1C69DF48004A2856 /* Project object */ = {
			isa = PBXProject;
			attributes = {
				LastSwiftUpdateCheck = 0720;
				LastUpgradeCheck = 0720;
				ORGANIZATIONNAME = ZhanLiang;
				TargetAttributes = {
					B50E82251C69DF48004A2856 = {
						CreatedOnToolsVersion = 7.2;
					};
				};
			};
			buildConfigurationList = B50E82211C69DF48004A2856 /* Build configuration list for PBXProject "LastParse" */;
			compatibilityVersion = "Xcode 3.2";
			developmentRegion = English;
			hasScannedForEncodings = 0;
			knownRegions = (
				en,
				Base,
			);
			mainGroup = B50E821D1C69DF48004A2856;
			productRefGroup = B50E82271C69DF48004A2856 /* Products */;
			projectDirPath = "";
			projectRoot = "";
			targets = (
				B50E82251C69DF48004A2856 /* LastParse */,
			);
		};
/* End PBXProject section */

/* Begin PBXResourcesBuildPhase section */
		B50E82241C69DF48004A2856 /* Resources */ = {
			isa = PBXResourcesBuildPhase;
			buildActionMask = 2147483647;
			files = (
				B50E82341C69DF48004A2856 /* LaunchScreen.storyboard in Resources */,
				B50E82311C69DF48004A2856 /* Assets.xcassets in Resources */,
				B50E822F1C69DF48004A2856 /* Main.storyboard in Resources */,
			);
			runOnlyForDeploymentPostprocessing = 0;
		};
/* End PBXResourcesBuildPhase section */

/* Begin PBXSourcesBuildPhase section */
		B50E82221C69DF48004A2856 /* Sources */ = {
			isa = PBXSourcesBuildPhase;
			buildActionMask = 2147483647;
			files = (
				B50E822C1C69DF48004A2856 /* ViewController.swift in Sources */,
				B50E822A1C69DF48004A2856 /* AppDelegate.swift in Sources */,
			);
			runOnlyForDeploymentPostprocessing = 0;
		};
/* End PBXSourcesBuildPhase section */

/* Begin PBXVariantGroup section */
		B50E822D1C69DF48004A2856 /* Main.storyboard */ = {
			isa = PBXVariantGroup;
			children = (
				B50E822E1C69DF48004A2856 /* Base */,
			);
			name = Main.storyboard;
			sourceTree = "<group>";
		};
		B50E82321C69DF48004A2856 /* LaunchScreen.storyboard */ = {
			isa = PBXVariantGroup;
			children = (
				B50E82331C69DF48004A2856 /* Base */,
			);
			name = LaunchScreen.storyboard;
			sourceTree = "<group>";
		};
/* End PBXVariantGroup section */

/* Begin XCBuildConfiguration section */
		B50E82361C69DF48004A2856 /* Debug */ = {
			isa = XCBuildConfiguration;
			buildSettings = {
				ALWAYS_SEARCH_USER_PATHS = NO;
				CLANG_CXX_LANGUAGE_STANDARD = "gnu++0x";
				CLANG_CXX_LIBRARY = "libc++";
				CLANG_ENABLE_MODULES = YES;
				CLANG_ENABLE_OBJC_ARC = YES;
				CLANG_WARN_BOOL_CONVERSION = YES;
				CLANG_WARN_CONSTANT_CONVERSION = YES;
				CLANG_WARN_DIRECT_OBJC_ISA_USAGE = YES_ERROR;
				CLANG_WARN_EMPTY_BODY = YES;
				CLANG_WARN_ENUM_CONVERSION = YES;
				CLANG_WARN_INT_CONVERSION = YES;
				CLANG_WARN_OBJC_ROOT_CLASS = YES_ERROR;
				CLANG_WARN_UNREACHABLE_CODE = YES;
				CLANG_WARN__DUPLICATE_METHOD_MATCH = YES;
				"CODE_SIGN_IDENTITY[sdk=iphoneos*]" = "iPhone Developer";
				COPY_PHASE_STRIP = NO;
				DEBUG_INFORMATION_FORMAT = dwarf;
				ENABLE_STRICT_OBJC_MSGSEND = YES;
				ENABLE_TESTABILITY = YES;
				GCC_C_LANGUAGE_STANDARD = gnu99;
				GCC_DYNAMIC_NO_PIC = NO;
				GCC_NO_COMMON_BLOCKS = YES;
				GCC_OPTIMIZATION_LEVEL = 0;
				GCC_PREPROCESSOR_DEFINITIONS = (
					"DEBUG=1",
					"$(inherited)",
				);
				GCC_WARN_64_TO_32_BIT_CONVERSION = YES;
				GCC_WARN_ABOUT_RETURN_TYPE = YES_ERROR;
				GCC_WARN_UNDECLARED_SELECTOR = YES;
				GCC_WARN_UNINITIALIZED_AUTOS = YES_AGGRESSIVE;
				GCC_WARN_UNUSED_FUNCTION = YES;
				GCC_WARN_UNUSED_VARIABLE = YES;
				IPHONEOS_DEPLOYMENT_TARGET = 9.2;
				MTL_ENABLE_DEBUG_INFO = YES;
				ONLY_ACTIVE_ARCH = YES;
				SDKROOT = iphoneos;
				SWIFT_OPTIMIZATION_LEVEL = "-Onone";
			};
			name = Debug;
		};
		B50E82371C69DF48004A2856 /* Release */ = {
			isa = XCBuildConfiguration;
			buildSettings = {
				ALWAYS_SEARCH_USER_PATHS = NO;
				CLANG_CXX_LANGUAGE_STANDARD = "gnu++0x";
				CLANG_CXX_LIBRARY = "libc++";
				CLANG_ENABLE_MODULES = YES;
				CLANG_ENABLE_OBJC_ARC = YES;
				CLANG_WARN_BOOL_CONVERSION = YES;
				CLANG_WARN_CONSTANT_CONVERSION = YES;
				CLANG_WARN_DIRECT_OBJC_ISA_USAGE = YES_ERROR;
				CLANG_WARN_EMPTY_BODY = YES;
				CLANG_WARN_ENUM_CONVERSION = YES;
				CLANG_WARN_INT_CONVERSION = YES;
				CLANG_WARN_OBJC_ROOT_CLASS = YES_ERROR;
				CLANG_WARN_UNREACHABLE_CODE = YES;
				CLANG_WARN__DUPLICATE_METHOD_MATCH = YES;
				"CODE_SIGN_IDENTITY[sdk=iphoneos*]" = "iPhone Developer";
				COPY_PHASE_STRIP = NO;
				DEBUG_INFORMATION_FORMAT = "dwarf-with-dsym";
				ENABLE_NS_ASSERTIONS = NO;
				ENABLE_STRICT_OBJC_MSGSEND = YES;
				GCC_C_LANGUAGE_STANDARD = gnu99;
				GCC_NO_COMMON_BLOCKS = YES;
				GCC_WARN_64_TO_32_BIT_CONVERSION = YES;
				GCC_WARN_ABOUT_RETURN_TYPE = YES_ERROR;
				GCC_WARN_UNDECLARED_SELECTOR = YES;
				GCC_WARN_UNINITIALIZED_AUTOS = YES_AGGRESSIVE;
				GCC_WARN_UNUSED_FUNCTION = YES;
				GCC_WARN_UNUSED_VARIABLE = YES;
				IPHONEOS_DEPLOYMENT_TARGET = 9.2;
				MTL_ENABLE_DEBUG_INFO = NO;
				SDKROOT = iphoneos;
				VALIDATE_PRODUCT = YES;
			};
			name = Release;
		};
		B50E82391C69DF48004A2856 /* Debug */ = {
			isa = XCBuildConfiguration;
			buildSettings = {
				ASSETCATALOG_COMPILER_APPICON_NAME = AppIcon;
				INFOPLIST_FILE = LastParse/Info.plist;
				LD_RUNPATH_SEARCH_PATHS = "$(inherited) @executable_path/Frameworks";
				PRODUCT_BUNDLE_IDENTIFIER = ZhanLiang.LastParse;
				PRODUCT_NAME = "$(TARGET_NAME)";
			};
			name = Debug;
		};
		B50E823A1C69DF48004A2856 /* Release */ = {
			isa = XCBuildConfiguration;
			buildSettings = {
				ASSETCATALOG_COMPILER_APPICON_NAME = AppIcon;
				INFOPLIST_FILE = LastParse/Info.plist;
				LD_RUNPATH_SEARCH_PATHS = "$(inherited) @executable_path/Frameworks";
				PRODUCT_BUNDLE_IDENTIFIER = ZhanLiang.LastParse;
				PRODUCT_NAME = "$(TARGET_NAME)";
			};
			name = Release;
		};
/* End XCBuildConfiguration section */

/* Begin XCConfigurationList section */
		B50E82211C69DF48004A2856 /* Build configuration list for PBXProject "LastParse" */ = {
			isa = XCConfigurationList;
			buildConfigurations = (
				B50E82361C69DF48004A2856 /* Debug */,
				B50E82371C69DF48004A2856 /* Release */,
			);
			defaultConfigurationIsVisible = 0;
			defaultConfigurationName = Release;
		};
		B50E82381C69DF48004A2856 /* Build configuration list for PBXNativeTarget "LastParse" */ = {
			isa = XCConfigurationList;
			buildConfigurations = (
				B50E82391C69DF48004A2856 /* Debug */,
				B50E823A1C69DF48004A2856 /* Release */,
			);
			defaultConfigurationIsVisible = 0;
		};
/* End XCConfigurationList section */
	};
	rootObject = B50E821E1C69DF48004A2856 /* Project object */;
}
