// !$*UTF8*$!
{
	archiveVersion = 1;
	classes = {
	};
	objectVersion = 46;
	objects = {

/* Begin PBXBuildFile section */
		B50E822A1C69DF48004A2856 /* AppDelegate.swift in Sources */ = {isa = PBXBuildFile; fileRef = B50E82291C69DF48004A2856 /* AppDelegate.swift */; };
		B50E822F1C69DF48004A2856 /* Main.storyboard in Resources */ = {isa = PBXBuildFile; fileRef = B50E822D1C69DF48004A2856 /* Main.storyboard */; };
		B50E82311C69DF48004A2856 /* Assets.xcassets in Resources */ = {isa = PBXBuildFile; fileRef = B50E82301C69DF48004A2856 /* Assets.xcassets */; };
		B50E82341C69DF48004A2856 /* LaunchScreen.storyboard in Resources */ = {isa = PBXBuildFile; fileRef = B50E82321C69DF48004A2856 /* LaunchScreen.storyboard */; };
		B50E823C1C69E188004A2856 /* LoginViewController.swift in Sources */ = {isa = PBXBuildFile; fileRef = B50E823B1C69E188004A2856 /* LoginViewController.swift */; };
		B50E823E1C69E2D8004A2856 /* ChatViewController.swift in Sources */ = {isa = PBXBuildFile; fileRef = B50E823D1C69E2D8004A2856 /* ChatViewController.swift */; };
		E8855A556F2D611CF610B675 /* Pods_LastParse.framework in Frameworks */ = {isa = PBXBuildFile; fileRef = 249267159A1BEF8786CB5B37 /* Pods_LastParse.framework */; };
/* End PBXBuildFile section */

/* Begin PBXFileReference section */
		249267159A1BEF8786CB5B37 /* Pods_LastParse.framework */ = {isa = PBXFileReference; explicitFileType = wrapper.framework; includeInIndex = 0; path = Pods_LastParse.framework; sourceTree = BUILT_PRODUCTS_DIR; };
		4390E9F91FF65D340AAA9AD5 /* Pods-LastParse.debug.xcconfig */ = {isa = PBXFileReference; includeInIndex = 1; lastKnownFileType = text.xcconfig; name = "Pods-LastParse.debug.xcconfig"; path = "Pods/Target Support Files/Pods-LastParse/Pods-LastParse.debug.xcconfig"; sourceTree = "<group>"; };
		9ED0D9D0E9A6D930C0D7D246 /* Pods-LastParse.release.xcconfig */ = {isa = PBXFileReference; includeInIndex = 1; lastKnownFileType = text.xcconfig; name = "Pods-LastParse.release.xcconfig"; path = "Pods/Target Support Files/Pods-LastParse/Pods-LastParse.release.xcconfig"; sourceTree = "<group>"; };
		B50E82261C69DF48004A2856 /* LastParse.app */ = {isa = PBXFileReference; explicitFileType = wrapper.application; includeInIndex = 0; path = LastParse.app; sourceTree = BUILT_PRODUCTS_DIR; };
		B50E82291C69DF48004A2856 /* AppDelegate.swift */ = {isa = PBXFileReference; lastKnownFileType = sourcecode.swift; path = AppDelegate.swift; sourceTree = "<group>"; };
		B50E822E1C69DF48004A2856 /* Base */ = {isa = PBXFileReference; lastKnownFileType = file.storyboard; name = Base; path = Base.lproj/Main.storyboard; sourceTree = "<group>"; };
		B50E82301C69DF48004A2856 /* Assets.xcassets */ = {isa = PBXFileReference; lastKnownFileType = folder.assetcatalog; path = Assets.xcassets; sourceTree = "<group>"; };
		B50E82331C69DF48004A2856 /* Base */ = {isa = PBXFileReference; lastKnownFileType = file.storyboard; name = Base; path = Base.lproj/LaunchScreen.storyboard; sourceTree = "<group>"; };
		B50E82351C69DF48004A2856 /* Info.plist */ = {isa = PBXFileReference; lastKnownFileType = text.plist.xml; path = Info.plist; sourceTree = "<group>"; };
		B50E823B1C69E188004A2856 /* LoginViewController.swift */ = {isa = PBXFileReference; fileEncoding = 4; lastKnownFileType = sourcecode.swift; path = LoginViewController.swift; sourceTree = "<group>"; };
		B50E823D1C69E2D8004A2856 /* ChatViewController.swift */ = {isa = PBXFileReference; fileEncoding = 4; lastKnownFileType = sourcecode.swift; path = ChatViewController.swift; sourceTree = "<group>"; };
/* End PBXFileReference section */

/* Begin PBXFrameworksBuildPhase section */
		B50E82231C69DF48004A2856 /* Frameworks */ = {
			isa = PBXFrameworksBuildPhase;
			buildActionMask = 2147483647;
			files = (
				E8855A556F2D611CF610B675 /* Pods_LastParse.framework in Frameworks */,
			);
			runOnlyForDeploymentPostprocessing = 0;
		};
/* End PBXFrameworksBuildPhase section */

/* Begin PBXGroup section */
		0BE8833EEE9E11030A3EF6D6 /* Pods */ = {
			isa = PBXGroup;
			children = (
				4390E9F91FF65D340AAA9AD5 /* Pods-LastParse.debug.xcconfig */,
				9ED0D9D0E9A6D930C0D7D246 /* Pods-LastParse.release.xcconfig */,
			);
			name = Pods;
			sourceTree = "<group>";
		};
		4154779CFF00FAB692FA6704 /* Frameworks */ = {
			isa = PBXGroup;
			children = (
				249267159A1BEF8786CB5B37 /* Pods_LastParse.framework */,
			);
			name = Frameworks;
			sourceTree = "<group>";
		};
		B50E821D1C69DF48004A2856 = {
			isa = PBXGroup;
			children = (
				B50E82281C69DF48004A2856 /* LastParse */,
				B50E82271C69DF48004A2856 /* Products */,
				0BE8833EEE9E11030A3EF6D6 /* Pods */,
				4154779CFF00FAB692FA6704 /* Frameworks */,
			);
			sourceTree = "<group>";
		};
		B50E82271C69DF48004A2856 /* Products */ = {
			isa = PBXGroup;
			children = (
				B50E82261C69DF48004A2856 /* LastParse.app */,
			);
			name = Products;
			sourceTree = "<group>";
		};
		B50E82281C69DF48004A2856 /* LastParse */ = {
			isa = PBXGroup;
			children = (
				B50E82291C69DF48004A2856 /* AppDelegate.swift */,
				B50E822D1C69DF48004A2856 /* Main.storyboard */,
				B50E82301C69DF48004A2856 /* Assets.xcassets */,
				B50E82321C69DF48004A2856 /* LaunchScreen.storyboard */,
				B50E82351C69DF48004A2856 /* Info.plist */,
				B50E823B1C69E188004A2856 /* LoginViewController.swift */,
				B50E823D1C69E2D8004A2856 /* ChatViewController.swift */,
			);
			path = LastParse;
			sourceTree = "<group>";
		};
/* End PBXGroup section */

/* Begin PBXNativeTarget section */
		B50E82251C69DF48004A2856 /* LastParse */ = {
			isa = PBXNativeTarget;
			buildConfigurationList = B50E82381C69DF48004A2856 /* Build configuration list for PBXNativeTarget "LastParse" */;
			buildPhases = (
				68CF3E572365084C9A550DD6 /* Check Pods Manifest.lock */,
				B50E82221C69DF48004A2856 /* Sources */,
				B50E82231C69DF48004A2856 /* Frameworks */,
				B50E82241C69DF48004A2856 /* Resources */,
				B629D8FF469BE66687DB34A9 /* Embed Pods Frameworks */,
				46F0040461742D57B5F5A401 /* Copy Pods Resources */,
			);
			buildRules = (
			);
			dependencies = (
			);
			name = LastParse;
			productName = LastParse;
			productReference = B50E82261C69DF48004A2856 /* LastParse.app */;
			productType = "com.apple.product-type.application";
		};
/* End PBXNativeTarget section */

/* Begin PBXProject section */
		B50E821E1C69DF48004A2856 /* Project object */ = {
			isa = PBXProject;
			attributes = {
				LastSwiftUpdateCheck = 0720;
				LastUpgradeCheck = 0720;
				ORGANIZATIONNAME = ZhanLiang;
				TargetAttributes = {
					B50E82251C69DF48004A2856 = {
						CreatedOnToolsVersion = 7.2;
					};
				};
			};
			buildConfigurationList = B50E82211C69DF48004A2856 /* Build configuration list for PBXProject "LastParse" */;
			compatibilityVersion = "Xcode 3.2";
			developmentRegion = English;
			hasScannedForEncodings = 0;
			knownRegions = (
				en,
				Base,
			);
			mainGroup = B50E821D1C69DF48004A2856;
			productRefGroup = B50E82271C69DF48004A2856 /* Products */;
			projectDirPath = "";
			projectRoot = "";
			targets = (
				B50E82251C69DF48004A2856 /* LastParse */,
			);
		};
/* End PBXProject section */

/* Begin PBXResourcesBuildPhase section */
		B50E82241C69DF48004A2856 /* Resources */ = {
			isa = PBXResourcesBuildPhase;
			buildActionMask = 2147483647;
			files = (
				B50E82341C69DF48004A2856 /* LaunchScreen.storyboard in Resources */,
				B50E82311C69DF48004A2856 /* Assets.xcassets in Resources */,
				B50E822F1C69DF48004A2856 /* Main.storyboard in Resources */,
			);
			runOnlyForDeploymentPostprocessing = 0;
		};
/* End PBXResourcesBuildPhase section */

/* Begin PBXShellScriptBuildPhase section */
		46F0040461742D57B5F5A401 /* Copy Pods Resources */ = {
			isa = PBXShellScriptBuildPhase;
			buildActionMask = 2147483647;
			files = (
			);
			inputPaths = (
			);
			name = "Copy Pods Resources";
			outputPaths = (
			);
			runOnlyForDeploymentPostprocessing = 0;
			shellPath = /bin/sh;
			shellScript = "\"${SRCROOT}/Pods/Target Support Files/Pods-LastParse/Pods-LastParse-resources.sh\"\n";
			showEnvVarsInLog = 0;
		};
		68CF3E572365084C9A550DD6 /* Check Pods Manifest.lock */ = {
			isa = PBXShellScriptBuildPhase;
			buildActionMask = 2147483647;
			files = (
			);
			inputPaths = (
			);
			name = "Check Pods Manifest.lock";
			outputPaths = (
			);
			runOnlyForDeploymentPostprocessing = 0;
			shellPath = /bin/sh;
			shellScript = "diff \"${PODS_ROOT}/../Podfile.lock\" \"${PODS_ROOT}/Manifest.lock\" > /dev/null\nif [[ $? != 0 ]] ; then\n    cat << EOM\nerror: The sandbox is not in sync with the Podfile.lock. Run 'pod install' or update your CocoaPods installation.\nEOM\n    exit 1\nfi\n";
			showEnvVarsInLog = 0;
		};
		B629D8FF469BE66687DB34A9 /* Embed Pods Frameworks */ = {
			isa = PBXShellScriptBuildPhase;
			buildActionMask = 2147483647;
			files = (
			);
			inputPaths = (
			);
			name = "Embed Pods Frameworks";
			outputPaths = (
			);
			runOnlyForDeploymentPostprocessing = 0;
			shellPath = /bin/sh;
			shellScript = "\"${SRCROOT}/Pods/Target Support Files/Pods-LastParse/Pods-LastParse-frameworks.sh\"\n";
			showEnvVarsInLog = 0;
		};
/* End PBXShellScriptBuildPhase section */

/* Begin PBXSourcesBuildPhase section */
		B50E82221C69DF48004A2856 /* Sources */ = {
			isa = PBXSourcesBuildPhase;
			buildActionMask = 2147483647;
			files = (
				B50E823C1C69E188004A2856 /* LoginViewController.swift in Sources */,
				B50E823E1C69E2D8004A2856 /* ChatViewController.swift in Sources */,
				B50E822A1C69DF48004A2856 /* AppDelegate.swift in Sources */,
			);
			runOnlyForDeploymentPostprocessing = 0;
		};
/* End PBXSourcesBuildPhase section */

/* Begin PBXVariantGroup section */
		B50E822D1C69DF48004A2856 /* Main.storyboard */ = {
			isa = PBXVariantGroup;
			children = (
				B50E822E1C69DF48004A2856 /* Base */,
			);
			name = Main.storyboard;
			sourceTree = "<group>";
		};
		B50E82321C69DF48004A2856 /* LaunchScreen.storyboard */ = {
			isa = PBXVariantGroup;
			children = (
				B50E82331C69DF48004A2856 /* Base */,
			);
			name = LaunchScreen.storyboard;
			sourceTree = "<group>";
		};
/* End PBXVariantGroup section */

/* Begin XCBuildConfiguration section */
		B50E82361C69DF48004A2856 /* Debug */ = {
			isa = XCBuildConfiguration;
			buildSettings = {
				ALWAYS_SEARCH_USER_PATHS = NO;
				CLANG_CXX_LANGUAGE_STANDARD = "gnu++0x";
				CLANG_CXX_LIBRARY = "libc++";
				CLANG_ENABLE_MODULES = YES;
				CLANG_ENABLE_OBJC_ARC = YES;
				CLANG_WARN_BOOL_CONVERSION = YES;
				CLANG_WARN_CONSTANT_CONVERSION = YES;
				CLANG_WARN_DIRECT_OBJC_ISA_USAGE = YES_ERROR;
				CLANG_WARN_EMPTY_BODY = YES;
				CLANG_WARN_ENUM_CONVERSION = YES;
				CLANG_WARN_INT_CONVERSION = YES;
				CLANG_WARN_OBJC_ROOT_CLASS = YES_ERROR;
				CLANG_WARN_UNREACHABLE_CODE = YES;
				CLANG_WARN__DUPLICATE_METHOD_MATCH = YES;
				"CODE_SIGN_IDENTITY[sdk=iphoneos*]" = "iPhone Developer";
				COPY_PHASE_STRIP = NO;
				DEBUG_INFORMATION_FORMAT = dwarf;
				ENABLE_STRICT_OBJC_MSGSEND = YES;
				ENABLE_TESTABILITY = YES;
				GCC_C_LANGUAGE_STANDARD = gnu99;
				GCC_DYNAMIC_NO_PIC = NO;
				GCC_NO_COMMON_BLOCKS = YES;
				GCC_OPTIMIZATION_LEVEL = 0;
				GCC_PREPROCESSOR_DEFINITIONS = (
					"DEBUG=1",
					"$(inherited)",
				);
				GCC_WARN_64_TO_32_BIT_CONVERSION = YES;
				GCC_WARN_ABOUT_RETURN_TYPE = YES_ERROR;
				GCC_WARN_UNDECLARED_SELECTOR = YES;
				GCC_WARN_UNINITIALIZED_AUTOS = YES_AGGRESSIVE;
				GCC_WARN_UNUSED_FUNCTION = YES;
				GCC_WARN_UNUSED_VARIABLE = YES;
				IPHONEOS_DEPLOYMENT_TARGET = 9.2;
				MTL_ENABLE_DEBUG_INFO = YES;
				ONLY_ACTIVE_ARCH = YES;
				SDKROOT = iphoneos;
				SWIFT_OPTIMIZATION_LEVEL = "-Onone";
			};
			name = Debug;
		};
		B50E82371C69DF48004A2856 /* Release */ = {
			isa = XCBuildConfiguration;
			buildSettings = {
				ALWAYS_SEARCH_USER_PATHS = NO;
				CLANG_CXX_LANGUAGE_STANDARD = "gnu++0x";
				CLANG_CXX_LIBRARY = "libc++";
				CLANG_ENABLE_MODULES = YES;
				CLANG_ENABLE_OBJC_ARC = YES;
				CLANG_WARN_BOOL_CONVERSION = YES;
				CLANG_WARN_CONSTANT_CONVERSION = YES;
				CLANG_WARN_DIRECT_OBJC_ISA_USAGE = YES_ERROR;
				CLANG_WARN_EMPTY_BODY = YES;
				CLANG_WARN_ENUM_CONVERSION = YES;
				CLANG_WARN_INT_CONVERSION = YES;
				CLANG_WARN_OBJC_ROOT_CLASS = YES_ERROR;
				CLANG_WARN_UNREACHABLE_CODE = YES;
				CLANG_WARN__DUPLICATE_METHOD_MATCH = YES;
				"CODE_SIGN_IDENTITY[sdk=iphoneos*]" = "iPhone Developer";
				COPY_PHASE_STRIP = NO;
				DEBUG_INFORMATION_FORMAT = "dwarf-with-dsym";
				ENABLE_NS_ASSERTIONS = NO;
				ENABLE_STRICT_OBJC_MSGSEND = YES;
				GCC_C_LANGUAGE_STANDARD = gnu99;
				GCC_NO_COMMON_BLOCKS = YES;
				GCC_WARN_64_TO_32_BIT_CONVERSION = YES;
				GCC_WARN_ABOUT_RETURN_TYPE = YES_ERROR;
				GCC_WARN_UNDECLARED_SELECTOR = YES;
				GCC_WARN_UNINITIALIZED_AUTOS = YES_AGGRESSIVE;
				GCC_WARN_UNUSED_FUNCTION = YES;
				GCC_WARN_UNUSED_VARIABLE = YES;
				IPHONEOS_DEPLOYMENT_TARGET = 9.2;
				MTL_ENABLE_DEBUG_INFO = NO;
				SDKROOT = iphoneos;
				VALIDATE_PRODUCT = YES;
			};
			name = Release;
		};
		B50E82391C69DF48004A2856 /* Debug */ = {
			isa = XCBuildConfiguration;
			baseConfigurationReference = 4390E9F91FF65D340AAA9AD5 /* Pods-LastParse.debug.xcconfig */;
			buildSettings = {
				ASSETCATALOG_COMPILER_APPICON_NAME = AppIcon;
				INFOPLIST_FILE = LastParse/Info.plist;
				LD_RUNPATH_SEARCH_PATHS = "$(inherited) @executable_path/Frameworks";
				PRODUCT_BUNDLE_IDENTIFIER = ZhanLiang.LastParse;
				PRODUCT_NAME = "$(TARGET_NAME)";
			};
			name = Debug;
		};
		B50E823A1C69DF48004A2856 /* Release */ = {
			isa = XCBuildConfiguration;
			baseConfigurationReference = 9ED0D9D0E9A6D930C0D7D246 /* Pods-LastParse.release.xcconfig */;
			buildSettings = {
				ASSETCATALOG_COMPILER_APPICON_NAME = AppIcon;
				INFOPLIST_FILE = LastParse/Info.plist;
				LD_RUNPATH_SEARCH_PATHS = "$(inherited) @executable_path/Frameworks";
				PRODUCT_BUNDLE_IDENTIFIER = ZhanLiang.LastParse;
				PRODUCT_NAME = "$(TARGET_NAME)";
			};
			name = Release;
		};
/* End XCBuildConfiguration section */

/* Begin XCConfigurationList section */
		B50E82211C69DF48004A2856 /* Build configuration list for PBXProject "LastParse" */ = {
			isa = XCConfigurationList;
			buildConfigurations = (
				B50E82361C69DF48004A2856 /* Debug */,
				B50E82371C69DF48004A2856 /* Release */,
			);
			defaultConfigurationIsVisible = 0;
			defaultConfigurationName = Release;
		};
		B50E82381C69DF48004A2856 /* Build configuration list for PBXNativeTarget "LastParse" */ = {
			isa = XCConfigurationList;
			buildConfigurations = (
				B50E82391C69DF48004A2856 /* Debug */,
				B50E823A1C69DF48004A2856 /* Release */,
			);
			defaultConfigurationIsVisible = 0;
			defaultConfigurationName = Release;
		};
/* End XCConfigurationList section */
	};
	rootObject = B50E821E1C69DF48004A2856 /* Project object */;
}
